{
  "name": "workspace",
  "lockfileVersion": 3,
  "requires": true,
  "packages": {
    "": {
      "dependencies": {
        "rate-limit": "^0.1.1",
        "rate-limiter-flexible": "^9.1.1"
      }
    },
    "node_modules/rate-limit": {
      "version": "0.1.1",
      "resolved": "https://registry.npmjs.org/rate-limit/-/rate-limit-0.1.1.tgz",
      "integrity": "sha512-BcOBKp4+ppx8jvqV8etH6EZPY9y2gjcXjNxbSjhY8EYlgInntcq4w8NdjQucLnaTjXWxwtUJImjEo1Z1Opz3Yw=="
    },
    "node_modules/rate-limiter-flexible": {
      "version": "9.1.1",
      "resolved": "https://registry.npmjs.org/rate-limiter-flexible/-/rate-limiter-flexible-9.1.1.tgz",
      "integrity": "sha512-imxFjzPCmvDLMe7d2tsgiSQvs5EI2fI9SNymmslAfOqznZhsZ+PqbIjIYKpuSbd3pKovR1aMG47qfCLIO/adVg==",
      "license": "ISC"
    }
  }
}
